# THIS IS AN AUTOGENERATED FILE. DO NOT EDIT THIS FILE DIRECTLY.
# yarn lockfile v1


"@types/p5@^1.4.2":
  version "1.4.2"
  resolved "https://registry.yarnpkg.com/@types/p5/-/p5-1.4.2.tgz#aee3142741254a38ab9a95038d5b777901a2be1e"
  integrity sha512-tzJ2PdmeXlX8tidbA1/pQEhs0MHVWam0K4ux5ri0GrZXhBU3QrpTpSVzNaBDuo6KheryHdH8wR82x1nPvxo42g==
